
Microsoft Visual Studio Solution File, Format Version 12.00
# Visual Studio Version 17
VisualStudioVersion = 17.1.32328.378
MinimumVisualStudioVersion = 10.0.40219.1
Project("{FAE04EC0-301F-11D3-BF4B-00C04F79EFBC}") = "Common", "Common\Common.csproj", "{4DAEA213-60FA-4461-8F81-58DBC250ABB6}"
EndProject
Project("{FAE04EC0-301F-11D3-BF4B-00C04F79EFBC}") = "TrackListValidation", "TrackListValidation\TrackListValidation.csproj", "{085D24B0-0939-41F2-8CB1-2409DDF59882}"
EndProject
Global
	GlobalSection(SolutionConfigurationPlatforms) = preSolution
		Debug|Any CPU = Debug|Any CPU
		Release|Any CPU = Release|Any CPU
	EndGlobalSection
	GlobalSection(ProjectConfigurationPlatforms) = postSolution
		{4DAEA213-60FA-4461-8F81-58DBC250ABB6}.Debug|Any CPU.ActiveCfg = Debug|Any CPU
		{4DAEA213-60FA-4461-8F81-58DBC250ABB6}.Debug|Any CPU.Build.0 = Debug|Any CPU
		{4DAEA213-60FA-4461-8F81-58DBC250ABB6}.Release|Any CPU.ActiveCfg = Release|Any CPU
		{4DAEA213-60FA-4461-8F81-58DBC250ABB6}.Release|Any CPU.Build.0 = Release|Any CPU
		{085D24B0-0939-41F2-8CB1-2409DDF59882}.Debug|Any CPU.ActiveCfg = Debug|Any CPU
		{085D24B0-0939-41F2-8CB1-2409DDF59882}.Debug|Any CPU.Build.0 = Debug|Any CPU
		{085D24B0-0939-41F2-8CB1-2409DDF59882}.Release|Any CPU.ActiveCfg = Release|Any CPU
		{085D24B0-0939-41F2-8CB1-2409DDF59882}.Release|Any CPU.Build.0 = Release|Any CPU
	EndGlobalSection
	GlobalSection(SolutionProperties) = preSolution
		HideSolutionNode = FALSE
	EndGlobalSection
	GlobalSection(ExtensibilityGlobals) = postSolution
		SolutionGuid = {594BB697-0B72-4F2A-AD8B-9E346009475F}
	EndGlobalSection
EndGlobal
